
Microsoft Visual Studio Solution File, Format Version 12.00
# Visual Studio Version 17
VisualStudioVersion = 17.14.36408.4 d17.14
MinimumVisualStudioVersion = 10.0.40219.1
Project("{FAE04EC0-301F-11D3-BF4B-00C04F79EFBC}") = "Task1", "Task1.csproj", "{3EDED987-FD7F-4151-AC35-E0D667AA9E78}"
EndProject
Global
	GlobalSection(SolutionConfigurationPlatforms) = preSolution
		Debug|Any CPU = Debug|Any CPU
		Release|Any CPU = Release|Any CPU
	EndGlobalSection
	GlobalSection(ProjectConfigurationPlatforms) = postSolution
		{3EDED987-FD7F-4151-AC35-E0D667AA9E78}.Debug|Any CPU.ActiveCfg = Debug|Any CPU
		{3EDED987-FD7F-4151-AC35-E0D667AA9E78}.Debug|Any CPU.Build.0 = Debug|Any CPU
		{3EDED987-FD7F-4151-AC35-E0D667AA9E78}.Release|Any CPU.ActiveCfg = Release|Any CPU
		{3EDED987-FD7F-4151-AC35-E0D667AA9E78}.Release|Any CPU.Build.0 = Release|Any CPU
	EndGlobalSection
	GlobalSection(SolutionProperties) = preSolution
		HideSolutionNode = FALSE
	EndGlobalSection
	GlobalSection(ExtensibilityGlobals) = postSolution
		SolutionGuid = {D4197CE7-62E6-430B-BFC0-464BA6D2E582}
	EndGlobalSection
EndGlobal
